# THIS IS AN AUTOGENERATED FILE. DO NOT EDIT THIS FILE DIRECTLY.
# yarn lockfile v1


addressparser@^0.3.2:
  version "0.3.2"
  resolved "https://registry.yarnpkg.com/addressparser/-/addressparser-0.3.2.tgz#59873f35e8fcf6c7361c10239261d76e15348bb2"

addressparser@~0.2.0:
  version "0.2.1"
  resolved "https://registry.yarnpkg.com/addressparser/-/addressparser-0.2.1.tgz#d11a5b2eeda04cfefebdf3196c10ae13db6cd607"

balanced-match@^0.4.1:
  version "0.4.2"
  resolved "https://registry.yarnpkg.com/balanced-match/-/balanced-match-0.4.2.tgz#cb3f3e3c732dc0f01ee70b403f302e61d7709838"

brace-expansion@^1.0.0:
  version "1.1.6"
  resolved "https://registry.yarnpkg.com/brace-expansion/-/brace-expansion-1.1.6.tgz#7197d7eaa9b87e648390ea61fc66c84427420df9"
  dependencies:
    balanced-match "^0.4.1"
    concat-map "0.0.1"

bufferjs@=1.1.0:
  version "1.1.0"
  resolved "https://registry.yarnpkg.com/bufferjs/-/bufferjs-1.1.0.tgz#095ffa39c5e6b40a2178a1169c9effc584a73201"

bunyan@^1.8.5:
  version "1.8.5"
  resolved "https://registry.yarnpkg.com/bunyan/-/bunyan-1.8.5.tgz#0d619e83005fb89070f5f47982fc1bf00600878a"
  optionalDependencies:
    dtrace-provider "~0.8"
    moment "^2.10.6"
    mv "~2"
    safe-json-stringify "~1"

coffee-script@^1.10.0, coffee-script@^1.11.1:
  version "1.11.1"
  resolved "https://registry.yarnpkg.com/coffee-script/-/coffee-script-1.11.1.tgz#bf1c47ad64443a0d95d12df2b147cc0a4daad6e9"

concat-map@0.0.1:
  version "0.0.1"
  resolved "https://registry.yarnpkg.com/concat-map/-/concat-map-0.0.1.tgz#d8a96bd77fd68df7793a73036a3ba0d5405d477b"

cson-parser@^1.3.4:
  version "1.3.4"
  resolved "https://registry.yarnpkg.com/cson-parser/-/cson-parser-1.3.4.tgz#55f10d5aa9f960ccaa385551ae085cb3c8d284fc"
  dependencies:
    coffee-script "^1.10.0"

cson@^4.0.0:
  version "4.0.0"
  resolved "https://registry.yarnpkg.com/cson/-/cson-4.0.0.tgz#61fe6d6e2e5653f6be5013dede74afe462586a52"
  dependencies:
    coffee-script "^1.11.1"
    cson-parser "^1.3.4"
    extract-opts "^3.3.1"
    requirefresh "^2.1.0"
    safefs "^4.1.0"

dtrace-provider@~0.8:
  version "0.8.0"
  resolved "https://registry.yarnpkg.com/dtrace-provider/-/dtrace-provider-0.8.0.tgz#fa95fbf67ed3ae3e97364f9664af7302e5ff5625"
  dependencies:
    nan "^2.3.3"

duration-js@^3.7.1:
  version "3.7.1"
  resolved "https://registry.yarnpkg.com/duration-js/-/duration-js-3.7.1.tgz#67959eabfa98ded5daba7b393302233b7705d8fc"

eachr@^3.2.0:
  version "3.2.0"
  resolved "https://registry.yarnpkg.com/eachr/-/eachr-3.2.0.tgz#2c35e43ea086516f7997cf80b7aa64d55a4a4484"
  dependencies:
    editions "^1.1.1"
    typechecker "^4.3.0"

editions@^1.1.1, editions@^1.3.3:
  version "1.3.3"
  resolved "https://registry.yarnpkg.com/editions/-/editions-1.3.3.tgz#0907101bdda20fac3cbe334c27cbd0688dc99a5b"

emailjs@^1.0.8:
  version "1.0.8"
  resolved "https://registry.yarnpkg.com/emailjs/-/emailjs-1.0.8.tgz#d4240db7670dc78aff97352092d8460edc130f66"
  dependencies:
    addressparser "^0.3.2"
    mimelib "0.2.14"
    moment "= 2.11.2"
    starttls "1.0.1"
  optionalDependencies:
    bufferjs "=1.1.0"

encoding@~0.1:
  version "0.1.12"
  resolved "https://registry.yarnpkg.com/encoding/-/encoding-0.1.12.tgz#538b66f3ee62cd1ab51ec323829d1f9480c74beb"
  dependencies:
    iconv-lite "~0.4.13"

extract-opts@^3.3.1:
  version "3.3.1"
  resolved "https://registry.yarnpkg.com/extract-opts/-/extract-opts-3.3.1.tgz#5abbedc98c0d5202e3278727f9192d7e086c6be1"
  dependencies:
    eachr "^3.2.0"
    editions "^1.1.1"
    typechecker "^4.3.0"

glob@^6.0.1:
  version "6.0.4"
  resolved "https://registry.yarnpkg.com/glob/-/glob-6.0.4.tgz#0f08860f6a155127b2fadd4f9ce24b1aab6e4d22"
  dependencies:
    inflight "^1.0.4"
    inherits "2"
    minimatch "2 || 3"
    once "^1.3.0"
    path-is-absolute "^1.0.0"

graceful-fs@^4.1.4:
  version "4.1.11"
  resolved "https://registry.yarnpkg.com/graceful-fs/-/graceful-fs-4.1.11.tgz#0e8bdfe4d1ddb8854d64e04ea7c00e2a026e5658"

iconv-lite@~0.4.13:
  version "0.4.15"
  resolved "https://registry.yarnpkg.com/iconv-lite/-/iconv-lite-0.4.15.tgz#fe265a218ac6a57cfe854927e9d04c19825eddeb"

inflight@^1.0.4:
  version "1.0.6"
  resolved "https://registry.yarnpkg.com/inflight/-/inflight-1.0.6.tgz#49bd6331d7d02d0c09bc910a1075ba8165b56df9"
  dependencies:
    once "^1.3.0"
    wrappy "1"

inherits@2:
  version "2.0.3"
  resolved "https://registry.yarnpkg.com/inherits/-/inherits-2.0.3.tgz#633c2c83e3da42a502f52466022480f4208261de"

mimelib@0.2.14:
  version "0.2.14"
  resolved "https://registry.yarnpkg.com/mimelib/-/mimelib-0.2.14.tgz#2a1aa724bd190b85bd526e6317ab6106edfd6831"
  dependencies:
    addressparser "~0.2.0"
    encoding "~0.1"

"minimatch@2 || 3":
  version "3.0.3"
  resolved "https://registry.yarnpkg.com/minimatch/-/minimatch-3.0.3.tgz#2a4e4090b96b2db06a9d7df01055a62a77c9b774"
  dependencies:
    brace-expansion "^1.0.0"

minimist@0.0.8:
  version "0.0.8"
  resolved "https://registry.yarnpkg.com/minimist/-/minimist-0.0.8.tgz#857fcabfc3397d2625b8228262e86aa7a011b05d"

minimist@^1.2.0:
  version "1.2.0"
  resolved "https://registry.yarnpkg.com/minimist/-/minimist-1.2.0.tgz#a35008b20f41383eec1fb914f4cd5df79a264284"

mkdirp@~0.5.1:
  version "0.5.1"
  resolved "https://registry.yarnpkg.com/mkdirp/-/mkdirp-0.5.1.tgz#30057438eac6cf7f8c4767f38648d6697d75c903"
  dependencies:
    minimist "0.0.8"

"moment@= 2.11.2", moment@^2.10.6:
  version "2.11.2"
  resolved "https://registry.yarnpkg.com/moment/-/moment-2.11.2.tgz#87968e5f95ac038c2e42ac959c75819cd3f52901"

mv@~2:
  version "2.1.1"
  resolved "https://registry.yarnpkg.com/mv/-/mv-2.1.1.tgz#ae6ce0d6f6d5e0a4f7d893798d03c1ea9559b6a2"
  dependencies:
    mkdirp "~0.5.1"
    ncp "~2.0.0"
    rimraf "~2.4.0"

nan@^2.3.3:
  version "2.4.0"
  resolved "https://registry.yarnpkg.com/nan/-/nan-2.4.0.tgz#fb3c59d45fe4effe215f0b890f8adf6eb32d2232"

ncp@~2.0.0:
  version "2.0.0"
  resolved "https://registry.yarnpkg.com/ncp/-/ncp-2.0.0.tgz#195a21d6c46e361d2fb1281ba38b91e9df7bdbb3"

"object-deep-assign@https://github.com/alexbinary/object-deep-assign.git":
  version "0.1.0"
  resolved "https://github.com/alexbinary/object-deep-assign.git#3af6fdda21d9edc2923205b7b37228ee2860c7c5"

once@^1.3.0:
  version "1.4.0"
  resolved "https://registry.yarnpkg.com/once/-/once-1.4.0.tgz#583b1aa775961d4b113ac17d9c50baef9dd76bd1"
  dependencies:
    wrappy "1"

path-is-absolute@^1.0.0:
  version "1.0.1"
  resolved "https://registry.yarnpkg.com/path-is-absolute/-/path-is-absolute-1.0.1.tgz#174b9268735534ffbc7ace6bf53a5a9e1b5c5f5f"

requirefresh@^2.1.0:
  version "2.1.0"
  resolved "https://registry.yarnpkg.com/requirefresh/-/requirefresh-2.1.0.tgz#742dccc20f3a96918d66c6f1597dc8ffebc4f6f5"
  dependencies:
    editions "^1.1.1"

rimraf@~2.4.0:
  version "2.4.5"
  resolved "https://registry.yarnpkg.com/rimraf/-/rimraf-2.4.5.tgz#ee710ce5d93a8fdb856fb5ea8ff0e2d75934b2da"
  dependencies:
    glob "^6.0.1"

safe-json-stringify@~1:
  version "1.0.3"
  resolved "https://registry.yarnpkg.com/safe-json-stringify/-/safe-json-stringify-1.0.3.tgz#3cb6717660a086d07cb5bd9b7a6875bcf67bd05e"

safefs@^4.1.0:
  version "4.1.0"
  resolved "https://registry.yarnpkg.com/safefs/-/safefs-4.1.0.tgz#f82aeb4bdd7ae51f653eb20f6728b3058c8d6445"
  dependencies:
    editions "^1.1.1"
    graceful-fs "^4.1.4"

starttls@1.0.1:
  version "1.0.1"
  resolved "https://registry.yarnpkg.com/starttls/-/starttls-1.0.1.tgz#e6081c25de6b178f5a75f8f271c1487449183b42"

typechecker@^4.3.0:
  version "4.4.0"
  resolved "https://registry.yarnpkg.com/typechecker/-/typechecker-4.4.0.tgz#efc56882d36e435c6eb978200e22b88278a3f7fc"
  dependencies:
    editions "^1.3.3"

wrappy@1:
  version "1.0.2"
  resolved "https://registry.yarnpkg.com/wrappy/-/wrappy-1.0.2.tgz#b5243d8f3ec1aa35f1364605bc0d1036e30ab69f"
